
Microsoft Visual Studio Solution File, Format Version 12.00
# Visual Studio Version 17
VisualStudioVersion = 17.8.34511.84
MinimumVisualStudioVersion = 10.0.40219.1
Project("{2150E333-8FDC-42A3-9474-1A3956D46DE8}") = "src", "src", "{957A6962-2844-4D3B-92DF-BD49603470D4}"
EndProject
Project("{2150E333-8FDC-42A3-9474-1A3956D46DE8}") = "test", "test", "{303B7E79-3B3D-49A8-A35B-6BA60709E9AE}"
EndProject
Project("{FAE04EC0-301F-11D3-BF4B-00C04F79EFBC}") = "BetaLyraeX.Backend", "BetaLyraeX.Backend\BetaLyraeX.Backend.csproj", "{E6AB49BC-B58F-4444-9946-285256CCE4C5}"
EndProject
Project("{FAE04EC0-301F-11D3-BF4B-00C04F79EFBC}") = "BetaLyraeX.AngularClient", "BetaLyraeX.AngularClient\BetaLyraeX.AngularClient.csproj", "{01897ED0-5495-4F00-BDFE-86393B495D39}"
EndProject
Global
	GlobalSection(SolutionConfigurationPlatforms) = preSolution
		Debug|Any CPU = Debug|Any CPU
		Release|Any CPU = Release|Any CPU
	EndGlobalSection
	GlobalSection(ProjectConfigurationPlatforms) = postSolution
		{E6AB49BC-B58F-4444-9946-285256CCE4C5}.Debug|Any CPU.ActiveCfg = Debug|Any CPU
		{E6AB49BC-B58F-4444-9946-285256CCE4C5}.Debug|Any CPU.Build.0 = Debug|Any CPU
		{E6AB49BC-B58F-4444-9946-285256CCE4C5}.Release|Any CPU.ActiveCfg = Release|Any CPU
		{E6AB49BC-B58F-4444-9946-285256CCE4C5}.Release|Any CPU.Build.0 = Release|Any CPU
		{01897ED0-5495-4F00-BDFE-86393B495D39}.Debug|Any CPU.ActiveCfg = Debug|Any CPU
		{01897ED0-5495-4F00-BDFE-86393B495D39}.Debug|Any CPU.Build.0 = Debug|Any CPU
		{01897ED0-5495-4F00-BDFE-86393B495D39}.Release|Any CPU.ActiveCfg = Release|Any CPU
		{01897ED0-5495-4F00-BDFE-86393B495D39}.Release|Any CPU.Build.0 = Release|Any CPU
	EndGlobalSection
	GlobalSection(SolutionProperties) = preSolution
		HideSolutionNode = FALSE
	EndGlobalSection
	GlobalSection(NestedProjects) = preSolution
		{E6AB49BC-B58F-4444-9946-285256CCE4C5} = {957A6962-2844-4D3B-92DF-BD49603470D4}
		{01897ED0-5495-4F00-BDFE-86393B495D39} = {957A6962-2844-4D3B-92DF-BD49603470D4}
	EndGlobalSection
	GlobalSection(ExtensibilityGlobals) = postSolution
		SolutionGuid = {87B20275-8035-470E-BC4F-66299F04AD2D}
	EndGlobalSection
EndGlobal
